
Microsoft Visual Studio Solution File, Format Version 12.00
# Visual Studio Version 16
VisualStudioVersion = 16.0.35130.168
MinimumVisualStudioVersion = 10.0.40219.1
Project("{FAE04EC0-301F-11D3-BF4B-00C04F79EFBC}") = "Codik", "Codik\Codik.csproj", "{1C58BC48-8C93-463B-B32C-5EFAC7EDA37B}"
EndProject
Global
	GlobalSection(SolutionConfigurationPlatforms) = preSolution
		Debug|Any CPU = Debug|Any CPU
		Release|Any CPU = Release|Any CPU
	EndGlobalSection
	GlobalSection(ProjectConfigurationPlatforms) = postSolution
		{1C58BC48-8C93-463B-B32C-5EFAC7EDA37B}.Debug|Any CPU.ActiveCfg = Debug|Any CPU
		{1C58BC48-8C93-463B-B32C-5EFAC7EDA37B}.Debug|Any CPU.Build.0 = Debug|Any CPU
		{1C58BC48-8C93-463B-B32C-5EFAC7EDA37B}.Release|Any CPU.ActiveCfg = Release|Any CPU
		{1C58BC48-8C93-463B-B32C-5EFAC7EDA37B}.Release|Any CPU.Build.0 = Release|Any CPU
	EndGlobalSection
	GlobalSection(SolutionProperties) = preSolution
		HideSolutionNode = FALSE
	EndGlobalSection
	GlobalSection(ExtensibilityGlobals) = postSolution
		SolutionGuid = {DE81BE27-3829-4D99-B9BE-6B79252E17D8}
	EndGlobalSection
EndGlobal
